
Microsoft Visual Studio Solution File, Format Version 12.00
# Visual Studio Version 16
VisualStudioVersion = 16.0.29025.244
MinimumVisualStudioVersion = 10.0.40219.1
Project("{9A19103F-16F7-4668-BE54-9A1E7A4F7556}") = "portfolio-backend", "portfolio-backend.csproj", "{10CED167-D3E2-4673-8A08-52C7EEA01C4B}"
EndProject
Global
	GlobalSection(SolutionConfigurationPlatforms) = preSolution
		Debug|Any CPU = Debug|Any CPU
		Debug|x64 = Debug|x64
		Release|Any CPU = Release|Any CPU
		Release|x64 = Release|x64
	EndGlobalSection
	GlobalSection(ProjectConfigurationPlatforms) = postSolution
		{10CED167-D3E2-4673-8A08-52C7EEA01C4B}.Debug|Any CPU.ActiveCfg = Debug|Any CPU
		{10CED167-D3E2-4673-8A08-52C7EEA01C4B}.Debug|Any CPU.Build.0 = Debug|Any CPU
		{10CED167-D3E2-4673-8A08-52C7EEA01C4B}.Debug|x64.ActiveCfg = Debug|x64
		{10CED167-D3E2-4673-8A08-52C7EEA01C4B}.Debug|x64.Build.0 = Debug|x64
		{10CED167-D3E2-4673-8A08-52C7EEA01C4B}.Release|Any CPU.ActiveCfg = Release|Any CPU
		{10CED167-D3E2-4673-8A08-52C7EEA01C4B}.Release|Any CPU.Build.0 = Release|Any CPU
		{10CED167-D3E2-4673-8A08-52C7EEA01C4B}.Release|x64.ActiveCfg = Release|x64
		{10CED167-D3E2-4673-8A08-52C7EEA01C4B}.Release|x64.Build.0 = Release|x64
	EndGlobalSection
	GlobalSection(SolutionProperties) = preSolution
		HideSolutionNode = FALSE
	EndGlobalSection
	GlobalSection(ExtensibilityGlobals) = postSolution
		SolutionGuid = {C1E3C22D-F253-4F88-AFB4-3D37A5A95A05}
	EndGlobalSection
EndGlobal
